Microsoft Visual Studio Solution File, Format Version 12.00
# Visual Studio 2012
Project("{FAE04EC0-301F-11D3-BF4B-00C04F79EFBC}") = "RTS Troop Navigation", "RTS Troop Navigation.csproj", "{C8228680-9F4E-4A48-A349-B78D5234F477}"
EndProject
Global
	GlobalSection(SolutionConfigurationPlatforms) = preSolution
	Debug|Any CPU = Debug|Any CPU
	ExportDebug|Any CPU = ExportDebug|Any CPU
	ExportRelease|Any CPU = ExportRelease|Any CPU
	EndGlobalSection
	GlobalSection(ProjectConfigurationPlatforms) = postSolution
		{C8228680-9F4E-4A48-A349-B78D5234F477}.Debug|Any CPU.ActiveCfg = Debug|Any CPU
		{C8228680-9F4E-4A48-A349-B78D5234F477}.Debug|Any CPU.Build.0 = Debug|Any CPU
		{C8228680-9F4E-4A48-A349-B78D5234F477}.ExportDebug|Any CPU.ActiveCfg = ExportDebug|Any CPU
		{C8228680-9F4E-4A48-A349-B78D5234F477}.ExportDebug|Any CPU.Build.0 = ExportDebug|Any CPU
		{C8228680-9F4E-4A48-A349-B78D5234F477}.ExportRelease|Any CPU.ActiveCfg = ExportRelease|Any CPU
		{C8228680-9F4E-4A48-A349-B78D5234F477}.ExportRelease|Any CPU.Build.0 = ExportRelease|Any CPU
	EndGlobalSection
EndGlobal
